
Microsoft Visual Studio Solution File, Format Version 12.00
# Visual Studio Version 17
VisualStudioVersion = 17.7.34221.43
MinimumVisualStudioVersion = 10.0.40219.1
Project("{FAE04EC0-301F-11D3-BF4B-00C04F79EFBC}") = "bjcardcounter", "bjcardcounter\bjcardcounter.csproj", "{46DCEF0D-17B5-4DB1-9936-E4871FD1C1B3}"
EndProject
Global
	GlobalSection(SolutionConfigurationPlatforms) = preSolution
		Debug|Any CPU = Debug|Any CPU
		Release|Any CPU = Release|Any CPU
	EndGlobalSection
	GlobalSection(ProjectConfigurationPlatforms) = postSolution
		{46DCEF0D-17B5-4DB1-9936-E4871FD1C1B3}.Debug|Any CPU.ActiveCfg = Debug|Any CPU
		{46DCEF0D-17B5-4DB1-9936-E4871FD1C1B3}.Debug|Any CPU.Build.0 = Debug|Any CPU
		{46DCEF0D-17B5-4DB1-9936-E4871FD1C1B3}.Release|Any CPU.ActiveCfg = Release|Any CPU
		{46DCEF0D-17B5-4DB1-9936-E4871FD1C1B3}.Release|Any CPU.Build.0 = Release|Any CPU
	EndGlobalSection
	GlobalSection(SolutionProperties) = preSolution
		HideSolutionNode = FALSE
	EndGlobalSection
	GlobalSection(ExtensibilityGlobals) = postSolution
		SolutionGuid = {4AEA9126-2243-427C-848E-8616FC8C851C}
	EndGlobalSection
EndGlobal
